// !$*UTF8*$!
{
	archiveVersion = 1;
	classes = {
	};
	objectVersion = 56;
	objects = {

/* Begin PBXBuildFile section */
		C718A24A2AA7FFD9002D009B /* TabBarViewController.swift in Sources */ = {isa = PBXBuildFile; fileRef = C718A2492AA7FFD9002D009B /* TabBarViewController.swift */; };
		C718A24C2AA8005A002D009B /* SearchViewController.swift in Sources */ = {isa = PBXBuildFile; fileRef = C718A24B2AA8005A002D009B /* SearchViewController.swift */; };
		C718A24E2AA8007F002D009B /* LibraryViewController.swift in Sources */ = {isa = PBXBuildFile; fileRef = C718A24D2AA8007F002D009B /* LibraryViewController.swift */; };
		C718A2522AA80122002D009B /* AuthViewController.swift in Sources */ = {isa = PBXBuildFile; fileRef = C718A2512AA80122002D009B /* AuthViewController.swift */; };
		C718A2542AA80130002D009B /* WelcomeViewController.swift in Sources */ = {isa = PBXBuildFile; fileRef = C718A2532AA80130002D009B /* WelcomeViewController.swift */; };
		C718A2562AA8013E002D009B /* SettingsViewController.swift in Sources */ = {isa = PBXBuildFile; fileRef = C718A2552AA8013E002D009B /* SettingsViewController.swift */; };
		C718A2582AA8014E002D009B /* ProfileViewController.swift in Sources */ = {isa = PBXBuildFile; fileRef = C718A2572AA8014E002D009B /* ProfileViewController.swift */; };
		C718A25A2AA8015E002D009B /* PlayerViewController.swift in Sources */ = {isa = PBXBuildFile; fileRef = C718A2592AA8015E002D009B /* PlayerViewController.swift */; };
		C718A25C2AA80171002D009B /* PlaylistViewController.swift in Sources */ = {isa = PBXBuildFile; fileRef = C718A25B2AA80171002D009B /* PlaylistViewController.swift */; };
		C718A25E2AA80182002D009B /* SearchResultsViewController.swift in Sources */ = {isa = PBXBuildFile; fileRef = C718A25D2AA80182002D009B /* SearchResultsViewController.swift */; };
		C718A2602AA801C3002D009B /* AuthManager.swift in Sources */ = {isa = PBXBuildFile; fileRef = C718A25F2AA801C3002D009B /* AuthManager.swift */; };
		C718A2622AA801D6002D009B /* APICaller.swift in Sources */ = {isa = PBXBuildFile; fileRef = C718A2612AA801D6002D009B /* APICaller.swift */; };
		C718A2642AA801EA002D009B /* HapticsManager.swift in Sources */ = {isa = PBXBuildFile; fileRef = C718A2632AA801EA002D009B /* HapticsManager.swift */; };
		C718A2662AA80229002D009B /* Playlist.swift in Sources */ = {isa = PBXBuildFile; fileRef = C718A2652AA80229002D009B /* Playlist.swift */; };
		C718A2682AA80237002D009B /* AudioTrack.swift in Sources */ = {isa = PBXBuildFile; fileRef = C718A2672AA80237002D009B /* AudioTrack.swift */; };
		C718A26A2AA80246002D009B /* Artist.swift in Sources */ = {isa = PBXBuildFile; fileRef = C718A2692AA80246002D009B /* Artist.swift */; };
		C718A26C2AA80255002D009B /* UserProfile.swift in Sources */ = {isa = PBXBuildFile; fileRef = C718A26B2AA80255002D009B /* UserProfile.swift */; };
		C74AC7B62AA7BF1200B026D5 /* AppDelegate.swift in Sources */ = {isa = PBXBuildFile; fileRef = C74AC7B52AA7BF1200B026D5 /* AppDelegate.swift */; };
		C74AC7B82AA7BF1200B026D5 /* SceneDelegate.swift in Sources */ = {isa = PBXBuildFile; fileRef = C74AC7B72AA7BF1200B026D5 /* SceneDelegate.swift */; };
		C74AC7BA2AA7BF1200B026D5 /* HomeViewController.swift in Sources */ = {isa = PBXBuildFile; fileRef = C74AC7B92AA7BF1200B026D5 /* HomeViewController.swift */; };
		C74AC7BF2AA7BF1400B026D5 /* Assets.xcassets in Resources */ = {isa = PBXBuildFile; fileRef = C74AC7BE2AA7BF1400B026D5 /* Assets.xcassets */; };
		C74AC7C22AA7BF1400B026D5 /* LaunchScreen.storyboard in Resources */ = {isa = PBXBuildFile; fileRef = C74AC7C02AA7BF1400B026D5 /* LaunchScreen.storyboard */; };
/* End PBXBuildFile section */

/* Begin PBXFileReference section */
		C718A2492AA7FFD9002D009B /* TabBarViewController.swift */ = {isa = PBXFileReference; lastKnownFileType = sourcecode.swift; path = TabBarViewController.swift; sourceTree = "<group>"; };
		C718A24B2AA8005A002D009B /* SearchViewController.swift */ = {isa = PBXFileReference; lastKnownFileType = sourcecode.swift; path = SearchViewController.swift; sourceTree = "<group>"; };
		C718A24D2AA8007F002D009B /* LibraryViewController.swift */ = {isa = PBXFileReference; lastKnownFileType = sourcecode.swift; path = LibraryViewController.swift; sourceTree = "<group>"; };
		C718A2512AA80122002D009B /* AuthViewController.swift */ = {isa = PBXFileReference; lastKnownFileType = sourcecode.swift; path = AuthViewController.swift; sourceTree = "<group>"; };
		C718A2532AA80130002D009B /* WelcomeViewController.swift */ = {isa = PBXFileReference; lastKnownFileType = sourcecode.swift; path = WelcomeViewController.swift; sourceTree = "<group>"; };
		C718A2552AA8013E002D009B /* SettingsViewController.swift */ = {isa = PBXFileReference; lastKnownFileType = sourcecode.swift; path = SettingsViewController.swift; sourceTree = "<group>"; };
		C718A2572AA8014E002D009B /* ProfileViewController.swift */ = {isa = PBXFileReference; lastKnownFileType = sourcecode.swift; path = ProfileViewController.swift; sourceTree = "<group>"; };
		C718A2592AA8015E002D009B /* PlayerViewController.swift */ = {isa = PBXFileReference; lastKnownFileType = sourcecode.swift; path = PlayerViewController.swift; sourceTree = "<group>"; };
		C718A25B2AA80171002D009B /* PlaylistViewController.swift */ = {isa = PBXFileReference; lastKnownFileType = sourcecode.swift; path = PlaylistViewController.swift; sourceTree = "<group>"; };
		C718A25D2AA80182002D009B /* SearchResultsViewController.swift */ = {isa = PBXFileReference; lastKnownFileType = sourcecode.swift; path = SearchResultsViewController.swift; sourceTree = "<group>"; };
		C718A25F2AA801C3002D009B /* AuthManager.swift */ = {isa = PBXFileReference; lastKnownFileType = sourcecode.swift; path = AuthManager.swift; sourceTree = "<group>"; };
		C718A2612AA801D6002D009B /* APICaller.swift */ = {isa = PBXFileReference; lastKnownFileType = sourcecode.swift; path = APICaller.swift; sourceTree = "<group>"; };
		C718A2632AA801EA002D009B /* HapticsManager.swift */ = {isa = PBXFileReference; lastKnownFileType = sourcecode.swift; path = HapticsManager.swift; sourceTree = "<group>"; };
		C718A2652AA80229002D009B /* Playlist.swift */ = {isa = PBXFileReference; lastKnownFileType = sourcecode.swift; path = Playlist.swift; sourceTree = "<group>"; };
		C718A2672AA80237002D009B /* AudioTrack.swift */ = {isa = PBXFileReference; lastKnownFileType = sourcecode.swift; path = AudioTrack.swift; sourceTree = "<group>"; };
		C718A2692AA80246002D009B /* Artist.swift */ = {isa = PBXFileReference; lastKnownFileType = sourcecode.swift; path = Artist.swift; sourceTree = "<group>"; };
		C718A26B2AA80255002D009B /* UserProfile.swift */ = {isa = PBXFileReference; lastKnownFileType = sourcecode.swift; path = UserProfile.swift; sourceTree = "<group>"; };
		C74AC7B22AA7BF1200B026D5 /* Spotify.app */ = {isa = PBXFileReference; explicitFileType = wrapper.application; includeInIndex = 0; path = Spotify.app; sourceTree = BUILT_PRODUCTS_DIR; };
		C74AC7B52AA7BF1200B026D5 /* AppDelegate.swift */ = {isa = PBXFileReference; lastKnownFileType = sourcecode.swift; path = AppDelegate.swift; sourceTree = "<group>"; };
		C74AC7B72AA7BF1200B026D5 /* SceneDelegate.swift */ = {isa = PBXFileReference; lastKnownFileType = sourcecode.swift; path = SceneDelegate.swift; sourceTree = "<group>"; };
		C74AC7B92AA7BF1200B026D5 /* HomeViewController.swift */ = {isa = PBXFileReference; lastKnownFileType = sourcecode.swift; path = HomeViewController.swift; sourceTree = "<group>"; };
		C74AC7BE2AA7BF1400B026D5 /* Assets.xcassets */ = {isa = PBXFileReference; lastKnownFileType = folder.assetcatalog; path = Assets.xcassets; sourceTree = "<group>"; };
		C74AC7C12AA7BF1400B026D5 /* Base */ = {isa = PBXFileReference; lastKnownFileType = file.storyboard; name = Base; path = Base.lproj/LaunchScreen.storyboard; sourceTree = "<group>"; };
		C74AC7C32AA7BF1400B026D5 /* Info.plist */ = {isa = PBXFileReference; lastKnownFileType = text.plist.xml; path = Info.plist; sourceTree = "<group>"; };
/* End PBXFileReference section */

/* Begin PBXFrameworksBuildPhase section */
		C74AC7AF2AA7BF1200B026D5 /* Frameworks */ = {
			isa = PBXFrameworksBuildPhase;
			buildActionMask = 2147483647;
			files = (
			);
			runOnlyForDeploymentPostprocessing = 0;
		};
/* End PBXFrameworksBuildPhase section */

/* Begin PBXGroup section */
		C718A24F2AA8009E002D009B /* Core */ = {
			isa = PBXGroup;
			children = (
				C74AC7B92AA7BF1200B026D5 /* HomeViewController.swift */,
				C718A2492AA7FFD9002D009B /* TabBarViewController.swift */,
				C718A24B2AA8005A002D009B /* SearchViewController.swift */,
				C718A24D2AA8007F002D009B /* LibraryViewController.swift */,
			);
			path = Core;
			sourceTree = "<group>";
		};
		C718A2502AA800A4002D009B /* Other */ = {
			isa = PBXGroup;
			children = (
				C718A2512AA80122002D009B /* AuthViewController.swift */,
				C718A2532AA80130002D009B /* WelcomeViewController.swift */,
				C718A2552AA8013E002D009B /* SettingsViewController.swift */,
				C718A2572AA8014E002D009B /* ProfileViewController.swift */,
				C718A2592AA8015E002D009B /* PlayerViewController.swift */,
				C718A25B2AA80171002D009B /* PlaylistViewController.swift */,
				C718A25D2AA80182002D009B /* SearchResultsViewController.swift */,
			);
			path = Other;
			sourceTree = "<group>";
		};
		C74AC7A92AA7BF1200B026D5 = {
			isa = PBXGroup;
			children = (
				C74AC7B42AA7BF1200B026D5 /* Spotify */,
				C74AC7B32AA7BF1200B026D5 /* Products */,
			);
			sourceTree = "<group>";
		};
		C74AC7B32AA7BF1200B026D5 /* Products */ = {
			isa = PBXGroup;
			children = (
				C74AC7B22AA7BF1200B026D5 /* Spotify.app */,
			);
			name = Products;
			sourceTree = "<group>";
		};
		C74AC7B42AA7BF1200B026D5 /* Spotify */ = {
			isa = PBXGroup;
			children = (
				C74AC7CF2AA7C01B00B026D5 /* Resources */,
				C74AC7CE2AA7C01200B026D5 /* Menagers */,
				C74AC7CC2AA7C00100B026D5 /* ViewModels */,
				C74AC7CB2AA7BFF700B026D5 /* Models */,
				C74AC7CA2AA7BFE700B026D5 /* Views */,
				C74AC7C92AA7BFDA00B026D5 /* Controllers */,
				C74AC7C32AA7BF1400B026D5 /* Info.plist */,
			);
			path = Spotify;
			sourceTree = "<group>";
		};
		C74AC7C92AA7BFDA00B026D5 /* Controllers */ = {
			isa = PBXGroup;
			children = (
				C718A2502AA800A4002D009B /* Other */,
				C718A24F2AA8009E002D009B /* Core */,
			);
			path = Controllers;
			sourceTree = "<group>";
		};
		C74AC7CA2AA7BFE700B026D5 /* Views */ = {
			isa = PBXGroup;
			children = (
				C74AC7C02AA7BF1400B026D5 /* LaunchScreen.storyboard */,
			);
			path = Views;
			sourceTree = "<group>";
		};
		C74AC7CB2AA7BFF700B026D5 /* Models */ = {
			isa = PBXGroup;
			children = (
				C718A2652AA80229002D009B /* Playlist.swift */,
				C718A2672AA80237002D009B /* AudioTrack.swift */,
				C718A2692AA80246002D009B /* Artist.swift */,
				C718A26B2AA80255002D009B /* UserProfile.swift */,
			);
			path = Models;
			sourceTree = "<group>";
		};
		C74AC7CC2AA7C00100B026D5 /* ViewModels */ = {
			isa = PBXGroup;
			children = (
			);
			path = ViewModels;
			sourceTree = "<group>";
		};
		C74AC7CE2AA7C01200B026D5 /* Menagers */ = {
			isa = PBXGroup;
			children = (
				C718A25F2AA801C3002D009B /* AuthManager.swift */,
				C718A2612AA801D6002D009B /* APICaller.swift */,
				C718A2632AA801EA002D009B /* HapticsManager.swift */,
			);
			path = Menagers;
			sourceTree = "<group>";
		};
		C74AC7CF2AA7C01B00B026D5 /* Resources */ = {
			isa = PBXGroup;
			children = (
				C74AC7BE2AA7BF1400B026D5 /* Assets.xcassets */,
				C74AC7B52AA7BF1200B026D5 /* AppDelegate.swift */,
				C74AC7B72AA7BF1200B026D5 /* SceneDelegate.swift */,
			);
			path = Resources;
			sourceTree = "<group>";
		};
/* End PBXGroup section */

/* Begin PBXNativeTarget section */
		C74AC7B12AA7BF1200B026D5 /* Spotify */ = {
			isa = PBXNativeTarget;
			buildConfigurationList = C74AC7C62AA7BF1400B026D5 /* Build configuration list for PBXNativeTarget "Spotify" */;
			buildPhases = (
				C74AC7AE2AA7BF1200B026D5 /* Sources */,
				C74AC7AF2AA7BF1200B026D5 /* Frameworks */,
				C74AC7B02AA7BF1200B026D5 /* Resources */,
			);
			buildRules = (
			);
			dependencies = (
			);
			name = Spotify;
			productName = Spotify;
			productReference = C74AC7B22AA7BF1200B026D5 /* Spotify.app */;
			productType = "com.apple.product-type.application";
		};
/* End PBXNativeTarget section */

/* Begin PBXProject section */
		C74AC7AA2AA7BF1200B026D5 /* Project object */ = {
			isa = PBXProject;
			attributes = {
				BuildIndependentTargetsInParallel = 1;
				LastSwiftUpdateCheck = 1430;
				LastUpgradeCheck = 1430;
				TargetAttributes = {
					C74AC7B12AA7BF1200B026D5 = {
						CreatedOnToolsVersion = 14.3.1;
					};
				};
			};
			buildConfigurationList = C74AC7AD2AA7BF1200B026D5 /* Build configuration list for PBXProject "Spotify" */;
			compatibilityVersion = "Xcode 14.0";
			developmentRegion = en;
			hasScannedForEncodings = 0;
			knownRegions = (
				en,
				Base,
			);
			mainGroup = C74AC7A92AA7BF1200B026D5;
			productRefGroup = C74AC7B32AA7BF1200B026D5 /* Products */;
			projectDirPath = "";
			projectRoot = "";
			targets = (
				C74AC7B12AA7BF1200B026D5 /* Spotify */,
			);
		};
/* End PBXProject section */

/* Begin PBXResourcesBuildPhase section */
		C74AC7B02AA7BF1200B026D5 /* Resources */ = {
			isa = PBXResourcesBuildPhase;
			buildActionMask = 2147483647;
			files = (
				C74AC7C22AA7BF1400B026D5 /* LaunchScreen.storyboard in Resources */,
				C74AC7BF2AA7BF1400B026D5 /* Assets.xcassets in Resources */,
			);
			runOnlyForDeploymentPostprocessing = 0;
		};
/* End PBXResourcesBuildPhase section */

/* Begin PBXSourcesBuildPhase section */
		C74AC7AE2AA7BF1200B026D5 /* Sources */ = {
			isa = PBXSourcesBuildPhase;
			buildActionMask = 2147483647;
			files = (
				C718A24C2AA8005A002D009B /* SearchViewController.swift in Sources */,
				C718A2662AA80229002D009B /* Playlist.swift in Sources */,
				C718A2602AA801C3002D009B /* AuthManager.swift in Sources */,
				C718A25E2AA80182002D009B /* SearchResultsViewController.swift in Sources */,
				C718A2542AA80130002D009B /* WelcomeViewController.swift in Sources */,
				C718A2582AA8014E002D009B /* ProfileViewController.swift in Sources */,
				C718A24A2AA7FFD9002D009B /* TabBarViewController.swift in Sources */,
				C718A2642AA801EA002D009B /* HapticsManager.swift in Sources */,
				C718A2682AA80237002D009B /* AudioTrack.swift in Sources */,
				C74AC7BA2AA7BF1200B026D5 /* HomeViewController.swift in Sources */,
				C718A2522AA80122002D009B /* AuthViewController.swift in Sources */,
				C74AC7B62AA7BF1200B026D5 /* AppDelegate.swift in Sources */,
				C718A26C2AA80255002D009B /* UserProfile.swift in Sources */,
				C718A24E2AA8007F002D009B /* LibraryViewController.swift in Sources */,
				C718A26A2AA80246002D009B /* Artist.swift in Sources */,
				C718A25C2AA80171002D009B /* PlaylistViewController.swift in Sources */,
				C74AC7B82AA7BF1200B026D5 /* SceneDelegate.swift in Sources */,
				C718A25A2AA8015E002D009B /* PlayerViewController.swift in Sources */,
				C718A2622AA801D6002D009B /* APICaller.swift in Sources */,
				C718A2562AA8013E002D009B /* SettingsViewController.swift in Sources */,
			);
			runOnlyForDeploymentPostprocessing = 0;
		};
/* End PBXSourcesBuildPhase section */

/* Begin PBXVariantGroup section */
		C74AC7C02AA7BF1400B026D5 /* LaunchScreen.storyboard */ = {
			isa = PBXVariantGroup;
			children = (
				C74AC7C12AA7BF1400B026D5 /* Base */,
			);
			name = LaunchScreen.storyboard;
			sourceTree = "<group>";
		};
/* End PBXVariantGroup section */

/* Begin XCBuildConfiguration section */
		C74AC7C42AA7BF1400B026D5 /* Debug */ = {
			isa = XCBuildConfiguration;
			buildSettings = {
				ALWAYS_SEARCH_USER_PATHS = NO;
				CLANG_ANALYZER_NONNULL = YES;
				CLANG_ANALYZER_NUMBER_OBJECT_CONVERSION = YES_AGGRESSIVE;
				CLANG_CXX_LANGUAGE_STANDARD = "gnu++20";
				CLANG_ENABLE_MODULES = YES;
				CLANG_ENABLE_OBJC_ARC = YES;
				CLANG_ENABLE_OBJC_WEAK = YES;
				CLANG_WARN_BLOCK_CAPTURE_AUTORELEASING = YES;
				CLANG_WARN_BOOL_CONVERSION = YES;
				CLANG_WARN_COMMA = YES;
				CLANG_WARN_CONSTANT_CONVERSION = YES;
				CLANG_WARN_DEPRECATED_OBJC_IMPLEMENTATIONS = YES;
				CLANG_WARN_DIRECT_OBJC_ISA_USAGE = YES_ERROR;
				CLANG_WARN_DOCUMENTATION_COMMENTS = YES;
				CLANG_WARN_EMPTY_BODY = YES;
				CLANG_WARN_ENUM_CONVERSION = YES;
				CLANG_WARN_INFINITE_RECURSION = YES;
				CLANG_WARN_INT_CONVERSION = YES;
				CLANG_WARN_NON_LITERAL_NULL_CONVERSION = YES;
				CLANG_WARN_OBJC_IMPLICIT_RETAIN_SELF = YES;
				CLANG_WARN_OBJC_LITERAL_CONVERSION = YES;
				CLANG_WARN_OBJC_ROOT_CLASS = YES_ERROR;
				CLANG_WARN_QUOTED_INCLUDE_IN_FRAMEWORK_HEADER = YES;
				CLANG_WARN_RANGE_LOOP_ANALYSIS = YES;
				CLANG_WARN_STRICT_PROTOTYPES = YES;
				CLANG_WARN_SUSPICIOUS_MOVE = YES;
				CLANG_WARN_UNGUARDED_AVAILABILITY = YES_AGGRESSIVE;
				CLANG_WARN_UNREACHABLE_CODE = YES;
				CLANG_WARN__DUPLICATE_METHOD_MATCH = YES;
				COPY_PHASE_STRIP = NO;
				DEBUG_INFORMATION_FORMAT = dwarf;
				ENABLE_STRICT_OBJC_MSGSEND = YES;
				ENABLE_TESTABILITY = YES;
				GCC_C_LANGUAGE_STANDARD = gnu11;
				GCC_DYNAMIC_NO_PIC = NO;
				GCC_NO_COMMON_BLOCKS = YES;
				GCC_OPTIMIZATION_LEVEL = 0;
				GCC_PREPROCESSOR_DEFINITIONS = (
					"DEBUG=1",
					"$(inherited)",
				);
				GCC_WARN_64_TO_32_BIT_CONVERSION = YES;
				GCC_WARN_ABOUT_RETURN_TYPE = YES_ERROR;
				GCC_WARN_UNDECLARED_SELECTOR = YES;
				GCC_WARN_UNINITIALIZED_AUTOS = YES_AGGRESSIVE;
				GCC_WARN_UNUSED_FUNCTION = YES;
				GCC_WARN_UNUSED_VARIABLE = YES;
				IPHONEOS_DEPLOYMENT_TARGET = 16.4;
				MTL_ENABLE_DEBUG_INFO = INCLUDE_SOURCE;
				MTL_FAST_MATH = YES;
				ONLY_ACTIVE_ARCH = YES;
				SDKROOT = iphoneos;
				SWIFT_ACTIVE_COMPILATION_CONDITIONS = DEBUG;
				SWIFT_OPTIMIZATION_LEVEL = "-Onone";
			};
			name = Debug;
		};
		C74AC7C52AA7BF1400B026D5 /* Release */ = {
			isa = XCBuildConfiguration;
			buildSettings = {
				ALWAYS_SEARCH_USER_PATHS = NO;
				CLANG_ANALYZER_NONNULL = YES;
				CLANG_ANALYZER_NUMBER_OBJECT_CONVERSION = YES_AGGRESSIVE;
				CLANG_CXX_LANGUAGE_STANDARD = "gnu++20";
				CLANG_ENABLE_MODULES = YES;
				CLANG_ENABLE_OBJC_ARC = YES;
				CLANG_ENABLE_OBJC_WEAK = YES;
				CLANG_WARN_BLOCK_CAPTURE_AUTORELEASING = YES;
				CLANG_WARN_BOOL_CONVERSION = YES;
				CLANG_WARN_COMMA = YES;
				CLANG_WARN_CONSTANT_CONVERSION = YES;
				CLANG_WARN_DEPRECATED_OBJC_IMPLEMENTATIONS = YES;
				CLANG_WARN_DIRECT_OBJC_ISA_USAGE = YES_ERROR;
				CLANG_WARN_DOCUMENTATION_COMMENTS = YES;
				CLANG_WARN_EMPTY_BODY = YES;
				CLANG_WARN_ENUM_CONVERSION = YES;
				CLANG_WARN_INFINITE_RECURSION = YES;
				CLANG_WARN_INT_CONVERSION = YES;
				CLANG_WARN_NON_LITERAL_NULL_CONVERSION = YES;
				CLANG_WARN_OBJC_IMPLICIT_RETAIN_SELF = YES;
				CLANG_WARN_OBJC_LITERAL_CONVERSION = YES;
				CLANG_WARN_OBJC_ROOT_CLASS = YES_ERROR;
				CLANG_WARN_QUOTED_INCLUDE_IN_FRAMEWORK_HEADER = YES;
				CLANG_WARN_RANGE_LOOP_ANALYSIS = YES;
				CLANG_WARN_STRICT_PROTOTYPES = YES;
				CLANG_WARN_SUSPICIOUS_MOVE = YES;
				CLANG_WARN_UNGUARDED_AVAILABILITY = YES_AGGRESSIVE;
				CLANG_WARN_UNREACHABLE_CODE = YES;
				CLANG_WARN__DUPLICATE_METHOD_MATCH = YES;
				COPY_PHASE_STRIP = NO;
				DEBUG_INFORMATION_FORMAT = "dwarf-with-dsym";
				ENABLE_NS_ASSERTIONS = NO;
				ENABLE_STRICT_OBJC_MSGSEND = YES;
				GCC_C_LANGUAGE_STANDARD = gnu11;
				GCC_NO_COMMON_BLOCKS = YES;
				GCC_WARN_64_TO_32_BIT_CONVERSION = YES;
				GCC_WARN_ABOUT_RETURN_TYPE = YES_ERROR;
				GCC_WARN_UNDECLARED_SELECTOR = YES;
				GCC_WARN_UNINITIALIZED_AUTOS = YES_AGGRESSIVE;
				GCC_WARN_UNUSED_FUNCTION = YES;
				GCC_WARN_UNUSED_VARIABLE = YES;
				IPHONEOS_DEPLOYMENT_TARGET = 16.4;
				MTL_ENABLE_DEBUG_INFO = NO;
				MTL_FAST_MATH = YES;
				SDKROOT = iphoneos;
				SWIFT_COMPILATION_MODE = wholemodule;
				SWIFT_OPTIMIZATION_LEVEL = "-O";
				VALIDATE_PRODUCT = YES;
			};
			name = Release;
		};
		C74AC7C72AA7BF1400B026D5 /* Debug */ = {
			isa = XCBuildConfiguration;
			buildSettings = {
				ASSETCATALOG_COMPILER_APPICON_NAME = AppIcon;
				ASSETCATALOG_COMPILER_GLOBAL_ACCENT_COLOR_NAME = AccentColor;
				CODE_SIGN_STYLE = Automatic;
				CURRENT_PROJECT_VERSION = 1;
				DEVELOPMENT_TEAM = Y873AV8BJG;
				GENERATE_INFOPLIST_FILE = YES;
				INFOPLIST_FILE = Spotify/Info.plist;
				INFOPLIST_KEY_UIApplicationSupportsIndirectInputEvents = YES;
				INFOPLIST_KEY_UILaunchStoryboardName = LaunchScreen;
				INFOPLIST_KEY_UISupportedInterfaceOrientations_iPad = "UIInterfaceOrientationPortrait UIInterfaceOrientationPortraitUpsideDown UIInterfaceOrientationLandscapeLeft UIInterfaceOrientationLandscapeRight";
				INFOPLIST_KEY_UISupportedInterfaceOrientations_iPhone = "UIInterfaceOrientationPortrait UIInterfaceOrientationLandscapeLeft UIInterfaceOrientationLandscapeRight";
				LD_RUNPATH_SEARCH_PATHS = (
					"$(inherited)",
					"@executable_path/Frameworks",
				);
				MARKETING_VERSION = 1.0;
				PRODUCT_BUNDLE_IDENTIFIER = com.asf.Spotify;
				PRODUCT_NAME = "$(TARGET_NAME)";
				SWIFT_EMIT_LOC_STRINGS = YES;
				SWIFT_VERSION = 5.0;
				TARGETED_DEVICE_FAMILY = "1,2";
			};
			name = Debug;
		};
		C74AC7C82AA7BF1400B026D5 /* Release */ = {
			isa = XCBuildConfiguration;
			buildSettings = {
				ASSETCATALOG_COMPILER_APPICON_NAME = AppIcon;
				ASSETCATALOG_COMPILER_GLOBAL_ACCENT_COLOR_NAME = AccentColor;
				CODE_SIGN_STYLE = Automatic;
				CURRENT_PROJECT_VERSION = 1;
				DEVELOPMENT_TEAM = Y873AV8BJG;
				GENERATE_INFOPLIST_FILE = YES;
				INFOPLIST_FILE = Spotify/Info.plist;
				INFOPLIST_KEY_UIApplicationSupportsIndirectInputEvents = YES;
				INFOPLIST_KEY_UILaunchStoryboardName = LaunchScreen;
				INFOPLIST_KEY_UISupportedInterfaceOrientations_iPad = "UIInterfaceOrientationPortrait UIInterfaceOrientationPortraitUpsideDown UIInterfaceOrientationLandscapeLeft UIInterfaceOrientationLandscapeRight";
				INFOPLIST_KEY_UISupportedInterfaceOrientations_iPhone = "UIInterfaceOrientationPortrait UIInterfaceOrientationLandscapeLeft UIInterfaceOrientationLandscapeRight";
				LD_RUNPATH_SEARCH_PATHS = (
					"$(inherited)",
					"@executable_path/Frameworks",
				);
				MARKETING_VERSION = 1.0;
				PRODUCT_BUNDLE_IDENTIFIER = com.asf.Spotify;
				PRODUCT_NAME = "$(TARGET_NAME)";
				SWIFT_EMIT_LOC_STRINGS = YES;
				SWIFT_VERSION = 5.0;
				TARGETED_DEVICE_FAMILY = "1,2";
			};
			name = Release;
		};
/* End XCBuildConfiguration section */

/* Begin XCConfigurationList section */
		C74AC7AD2AA7BF1200B026D5 /* Build configuration list for PBXProject "Spotify" */ = {
			isa = XCConfigurationList;
			buildConfigurations = (
				C74AC7C42AA7BF1400B026D5 /* Debug */,
				C74AC7C52AA7BF1400B026D5 /* Release */,
			);
			defaultConfigurationIsVisible = 0;
			defaultConfigurationName = Release;
		};
		C74AC7C62AA7BF1400B026D5 /* Build configuration list for PBXNativeTarget "Spotify" */ = {
			isa = XCConfigurationList;
			buildConfigurations = (
				C74AC7C72AA7BF1400B026D5 /* Debug */,
				C74AC7C82AA7BF1400B026D5 /* Release */,
			);
			defaultConfigurationIsVisible = 0;
			defaultConfigurationName = Release;
		};
/* End XCConfigurationList section */
	};
	rootObject = C74AC7AA2AA7BF1200B026D5 /* Project object */;
}
